
Microsoft Visual Studio Solution File, Format Version 12.00
# Visual Studio 15
VisualStudioVersion = 15.0.28307.271
MinimumVisualStudioVersion = 10.0.40219.1
Project("{FAE04EC0-301F-11D3-BF4B-00C04F79EFBC}") = "webtransformationadmin.UI", "webtransformationadmin.UI\webtransformationadmin.UI.csproj", "{3A558455-5488-4756-83DB-B3587AF8DC89}"
EndProject
Project("{FAE04EC0-301F-11D3-BF4B-00C04F79EFBC}") = "webtransformationadmin.DAL", "webtransformationadmin.DAL\webtransformationadmin.DAL.csproj", "{3D0DF76A-9AC9-49C3-ACF1-27C1AA0EAF5C}"
EndProject
Project("{FAE04EC0-301F-11D3-BF4B-00C04F79EFBC}") = "webtransformationadmin.Domain", "webtransformationadmin.Domain\webtransformationadmin.Domain.csproj", "{3644EF2D-9EA1-480C-8581-14ACA16AB36E}"
EndProject
Project("{FAE04EC0-301F-11D3-BF4B-00C04F79EFBC}") = "webtransformationadmin.Common", "webtransformationadmin.Common\webtransformationadmin.Common.csproj", "{51A4EDDC-06A0-4CFE-A1C3-910B6C2E4454}"
EndProject
Project("{FAE04EC0-301F-11D3-BF4B-00C04F79EFBC}") = "webtransformationadmin.BLL", "webtransformationadmin.BLL\webtransformationadmin.BLL.csproj", "{DCFD5A8E-22BD-4CD7-B503-75AFE79E7BF2}"
EndProject
Project("{FAE04EC0-301F-11D3-BF4B-00C04F79EFBC}") = "webtransformationadmin.Test", "webtransformationadmin.Test\webtransformationadmin.Test.csproj", "{0D3F5C83-D864-41CC-93D6-9945214EEECA}"
EndProject
Global
	GlobalSection(SolutionConfigurationPlatforms) = preSolution
		Debug|Any CPU = Debug|Any CPU
		Release|Any CPU = Release|Any CPU
	EndGlobalSection
	GlobalSection(ProjectConfigurationPlatforms) = postSolution
		{3A558455-5488-4756-83DB-B3587AF8DC89}.Debug|Any CPU.ActiveCfg = Debug|Any CPU
		{3A558455-5488-4756-83DB-B3587AF8DC89}.Debug|Any CPU.Build.0 = Debug|Any CPU
		{3A558455-5488-4756-83DB-B3587AF8DC89}.Release|Any CPU.ActiveCfg = Release|Any CPU
		{3A558455-5488-4756-83DB-B3587AF8DC89}.Release|Any CPU.Build.0 = Release|Any CPU
		{3D0DF76A-9AC9-49C3-ACF1-27C1AA0EAF5C}.Debug|Any CPU.ActiveCfg = Debug|Any CPU
		{3D0DF76A-9AC9-49C3-ACF1-27C1AA0EAF5C}.Debug|Any CPU.Build.0 = Debug|Any CPU
		{3D0DF76A-9AC9-49C3-ACF1-27C1AA0EAF5C}.Release|Any CPU.ActiveCfg = Release|Any CPU
		{3D0DF76A-9AC9-49C3-ACF1-27C1AA0EAF5C}.Release|Any CPU.Build.0 = Release|Any CPU
		{3644EF2D-9EA1-480C-8581-14ACA16AB36E}.Debug|Any CPU.ActiveCfg = Debug|Any CPU
		{3644EF2D-9EA1-480C-8581-14ACA16AB36E}.Debug|Any CPU.Build.0 = Debug|Any CPU
		{3644EF2D-9EA1-480C-8581-14ACA16AB36E}.Release|Any CPU.ActiveCfg = Release|Any CPU
		{3644EF2D-9EA1-480C-8581-14ACA16AB36E}.Release|Any CPU.Build.0 = Release|Any CPU
		{51A4EDDC-06A0-4CFE-A1C3-910B6C2E4454}.Debug|Any CPU.ActiveCfg = Debug|Any CPU
		{51A4EDDC-06A0-4CFE-A1C3-910B6C2E4454}.Debug|Any CPU.Build.0 = Debug|Any CPU
		{51A4EDDC-06A0-4CFE-A1C3-910B6C2E4454}.Release|Any CPU.ActiveCfg = Release|Any CPU
		{51A4EDDC-06A0-4CFE-A1C3-910B6C2E4454}.Release|Any CPU.Build.0 = Release|Any CPU
		{DCFD5A8E-22BD-4CD7-B503-75AFE79E7BF2}.Debug|Any CPU.ActiveCfg = Debug|Any CPU
		{DCFD5A8E-22BD-4CD7-B503-75AFE79E7BF2}.Debug|Any CPU.Build.0 = Debug|Any CPU
		{DCFD5A8E-22BD-4CD7-B503-75AFE79E7BF2}.Release|Any CPU.ActiveCfg = Release|Any CPU
		{DCFD5A8E-22BD-4CD7-B503-75AFE79E7BF2}.Release|Any CPU.Build.0 = Release|Any CPU
		{0D3F5C83-D864-41CC-93D6-9945214EEECA}.Debug|Any CPU.ActiveCfg = Debug|Any CPU
		{0D3F5C83-D864-41CC-93D6-9945214EEECA}.Debug|Any CPU.Build.0 = Debug|Any CPU
		{0D3F5C83-D864-41CC-93D6-9945214EEECA}.Release|Any CPU.ActiveCfg = Release|Any CPU
		{0D3F5C83-D864-41CC-93D6-9945214EEECA}.Release|Any CPU.Build.0 = Release|Any CPU
	EndGlobalSection
	GlobalSection(SolutionProperties) = preSolution
		HideSolutionNode = FALSE
	EndGlobalSection
	GlobalSection(ExtensibilityGlobals) = postSolution
		SolutionGuid = {F095A703-4490-4E3B-AA4E-B9905FD6D9D3}
	EndGlobalSection
EndGlobal
